// !$*UTF8*$!
{
	archiveVersion = 1;
	classes = {
	};
	objectVersion = 46;
	objects = {

/* Begin PBXBuildFile section */
		05D920971CC8A9D900A0779C /* AppDelegate.swift in Sources */ = {isa = PBXBuildFile; fileRef = 05D920961CC8A9D900A0779C /* AppDelegate.swift */; };
		05D920991CC8A9D900A0779C /* ViewController.swift in Sources */ = {isa = PBXBuildFile; fileRef = 05D920981CC8A9D900A0779C /* ViewController.swift */; };
		05D9209C1CC8A9D900A0779C /* Main.storyboard in Resources */ = {isa = PBXBuildFile; fileRef = 05D9209A1CC8A9D900A0779C /* Main.storyboard */; };
		05D9209E1CC8A9D900A0779C /* Assets.xcassets in Resources */ = {isa = PBXBuildFile; fileRef = 05D9209D1CC8A9D900A0779C /* Assets.xcassets */; };
		05D920A11CC8A9D900A0779C /* LaunchScreen.storyboard in Resources */ = {isa = PBXBuildFile; fileRef = 05D9209F1CC8A9D900A0779C /* LaunchScreen.storyboard */; };
/* End PBXBuildFile section */

/* Begin PBXFileReference section */
		05D920931CC8A9D900A0779C /* PicturesApp.app */ = {isa = PBXFileReference; explicitFileType = wrapper.application; includeInIndex = 0; path = PicturesApp.app; sourceTree = BUILT_PRODUCTS_DIR; };
		05D920961CC8A9D900A0779C /* AppDelegate.swift */ = {isa = PBXFileReference; lastKnownFileType = sourcecode.swift; path = AppDelegate.swift; sourceTree = "<group>"; };
		05D920981CC8A9D900A0779C /* ViewController.swift */ = {isa = PBXFileReference; lastKnownFileType = sourcecode.swift; path = ViewController.swift; sourceTree = "<group>"; };
		05D9209B1CC8A9D900A0779C /* Base */ = {isa = PBXFileReference; lastKnownFileType = file.storyboard; name = Base; path = Base.lproj/Main.storyboard; sourceTree = "<group>"; };
		05D9209D1CC8A9D900A0779C /* Assets.xcassets */ = {isa = PBXFileReference; lastKnownFileType = folder.assetcatalog; path = Assets.xcassets; sourceTree = "<group>"; };
		05D920A01CC8A9D900A0779C /* Base */ = {isa = PBXFileReference; lastKnownFileType = file.storyboard; name = Base; path = Base.lproj/LaunchScreen.storyboard; sourceTree = "<group>"; };
		05D920A21CC8A9D900A0779C /* Info.plist */ = {isa = PBXFileReference; lastKnownFileType = text.plist.xml; path = Info.plist; sourceTree = "<group>"; };
/* End PBXFileReference section */

/* Begin PBXFrameworksBuildPhase section */
		05D920901CC8A9D900A0779C /* Frameworks */ = {
			isa = PBXFrameworksBuildPhase;
			buildActionMask = 2147483647;
			files = (
			);
			runOnlyForDeploymentPostprocessing = 0;
		};
/* End PBXFrameworksBuildPhase section */

/* Begin PBXGroup section */
		05D9208A1CC8A9D900A0779C = {
			isa = PBXGroup;
			children = (
				05D920951CC8A9D900A0779C /* PicturesApp */,
				05D920941CC8A9D900A0779C /* Products */,
			);
			sourceTree = "<group>";
		};
		05D920941CC8A9D900A0779C /* Products */ = {
			isa = PBXGroup;
			children = (
				05D920931CC8A9D900A0779C /* PicturesApp.app */,
			);
			name = Products;
			sourceTree = "<group>";
		};
		05D920951CC8A9D900A0779C /* PicturesApp */ = {
			isa = PBXGroup;
			children = (
				05D920961CC8A9D900A0779C /* AppDelegate.swift */,
				05D920981CC8A9D900A0779C /* ViewController.swift */,
				05D9209A1CC8A9D900A0779C /* Main.storyboard */,
				05D9209D1CC8A9D900A0779C /* Assets.xcassets */,
				05D9209F1CC8A9D900A0779C /* LaunchScreen.storyboard */,
				05D920A21CC8A9D900A0779C /* Info.plist */,
			);
			path = PicturesApp;
			sourceTree = "<group>";
		};
/* End PBXGroup section */

/* Begin PBXNativeTarget section */
		05D920921CC8A9D900A0779C /* PicturesApp */ = {
			isa = PBXNativeTarget;
			buildConfigurationList = 05D920A51CC8A9D900A0779C /* Build configuration list for PBXNativeTarget "PicturesApp" */;
			buildPhases = (
				05D9208F1CC8A9D900A0779C /* Sources */,
				05D920901CC8A9D900A0779C /* Frameworks */,
				05D920911CC8A9D900A0779C /* Resources */,
			);
			buildRules = (
			);
			dependencies = (
			);
			name = PicturesApp;
			productName = PicturesApp;
			productReference = 05D920931CC8A9D900A0779C /* PicturesApp.app */;
			productType = "com.apple.product-type.application";
		};
/* End PBXNativeTarget section */

/* Begin PBXProject section */
		05D9208B1CC8A9D900A0779C /* Project object */ = {
			isa = PBXProject;
			attributes = {
				LastSwiftUpdateCheck = 0730;
				LastUpgradeCheck = 0730;
				ORGANIZATIONNAME = "Skgood Inc";
				TargetAttributes = {
					05D920921CC8A9D900A0779C = {
						CreatedOnToolsVersion = 7.3;
					};
				};
			};
			buildConfigurationList = 05D9208E1CC8A9D900A0779C /* Build configuration list for PBXProject "PicturesApp" */;
			compatibilityVersion = "Xcode 3.2";
			developmentRegion = English;
			hasScannedForEncodings = 0;
			knownRegions = (
				en,
				Base,
			);
			mainGroup = 05D9208A1CC8A9D900A0779C;
			productRefGroup = 05D920941CC8A9D900A0779C /* Products */;
			projectDirPath = "";
			projectRoot = "";
			targets = (
				05D920921CC8A9D900A0779C /* PicturesApp */,
			);
		};
/* End PBXProject section */

/* Begin PBXResourcesBuildPhase section */
		05D920911CC8A9D900A0779C /* Resources */ = {
			isa = PBXResourcesBuildPhase;
			buildActionMask = 2147483647;
			files = (
				05D920A11CC8A9D900A0779C /* LaunchScreen.storyboard in Resources */,
				05D9209E1CC8A9D900A0779C /* Assets.xcassets in Resources */,
				05D9209C1CC8A9D900A0779C /* Main.storyboard in Resources */,
			);
			runOnlyForDeploymentPostprocessing = 0;
		};
/* End PBXResourcesBuildPhase section */

/* Begin PBXSourcesBuildPhase section */
		05D9208F1CC8A9D900A0779C /* Sources */ = {
			isa = PBXSourcesBuildPhase;
			buildActionMask = 2147483647;
			files = (
				05D920991CC8A9D900A0779C /* ViewController.swift in Sources */,
				05D920971CC8A9D900A0779C /* AppDelegate.swift in Sources */,
			);
			runOnlyForDeploymentPostprocessing = 0;
		};
/* End PBXSourcesBuildPhase section */

/* Begin PBXVariantGroup section */
		05D9209A1CC8A9D900A0779C /* Main.storyboard */ = {
			isa = PBXVariantGroup;
			children = (
				05D9209B1CC8A9D900A0779C /* Base */,
			);
			name = Main.storyboard;
			sourceTree = "<group>";
		};
		05D9209F1CC8A9D900A0779C /* LaunchScreen.storyboard */ = {
			isa = PBXVariantGroup;
			children = (
				05D920A01CC8A9D900A0779C /* Base */,
			);
			name = LaunchScreen.storyboard;
			sourceTree = "<group>";
		};
/* End PBXVariantGroup section */

/* Begin XCBuildConfiguration section */
		05D920A31CC8A9D900A0779C /* Debug */ = {
			isa = XCBuildConfiguration;
			buildSettings = {
				ALWAYS_SEARCH_USER_PATHS = NO;
				CLANG_ANALYZER_NONNULL = YES;
				CLANG_CXX_LANGUAGE_STANDARD = "gnu++0x";
				CLANG_CXX_LIBRARY = "libc++";
				CLANG_ENABLE_MODULES = YES;
				CLANG_ENABLE_OBJC_ARC = YES;
				CLANG_WARN_BOOL_CONVERSION = YES;
				CLANG_WARN_CONSTANT_CONVERSION = YES;
				CLANG_WARN_DIRECT_OBJC_ISA_USAGE = YES_ERROR;
				CLANG_WARN_EMPTY_BODY = YES;
				CLANG_WARN_ENUM_CONVERSION = YES;
				CLANG_WARN_INT_CONVERSION = YES;
				CLANG_WARN_OBJC_ROOT_CLASS = YES_ERROR;
				CLANG_WARN_UNREACHABLE_CODE = YES;
				CLANG_WARN__DUPLICATE_METHOD_MATCH = YES;
				"CODE_SIGN_IDENTITY[sdk=iphoneos*]" = "iPhone Developer";
				COPY_PHASE_STRIP = NO;
				DEBUG_INFORMATION_FORMAT = dwarf;
				ENABLE_STRICT_OBJC_MSGSEND = YES;
				ENABLE_TESTABILITY = YES;
				GCC_C_LANGUAGE_STANDARD = gnu99;
				GCC_DYNAMIC_NO_PIC = NO;
				GCC_NO_COMMON_BLOCKS = YES;
				GCC_OPTIMIZATION_LEVEL = 0;
				GCC_PREPROCESSOR_DEFINITIONS = (
					"DEBUG=1",
					"$(inherited)",
				);
				GCC_WARN_64_TO_32_BIT_CONVERSION = YES;
				GCC_WARN_ABOUT_RETURN_TYPE = YES_ERROR;
				GCC_WARN_UNDECLARED_SELECTOR = YES;
				GCC_WARN_UNINITIALIZED_AUTOS = YES_AGGRESSIVE;
				GCC_WARN_UNUSED_FUNCTION = YES;
				GCC_WARN_UNUSED_VARIABLE = YES;
				IPHONEOS_DEPLOYMENT_TARGET = 9.3;
				MTL_ENABLE_DEBUG_INFO = YES;
				ONLY_ACTIVE_ARCH = YES;
				SDKROOT = iphoneos;
				SWIFT_OPTIMIZATION_LEVEL = "-Onone";
				TARGETED_DEVICE_FAMILY = "1,2";
			};
			name = Debug;
		};
		05D920A41CC8A9D900A0779C /* Release */ = {
			isa = XCBuildConfiguration;
			buildSettings = {
				ALWAYS_SEARCH_USER_PATHS = NO;
				CLANG_ANALYZER_NONNULL = YES;
				CLANG_CXX_LANGUAGE_STANDARD = "gnu++0x";
				CLANG_CXX_LIBRARY = "libc++";
				CLANG_ENABLE_MODULES = YES;
				CLANG_ENABLE_OBJC_ARC = YES;
				CLANG_WARN_BOOL_CONVERSION = YES;
				CLANG_WARN_CONSTANT_CONVERSION = YES;
				CLANG_WARN_DIRECT_OBJC_ISA_USAGE = YES_ERROR;
				CLANG_WARN_EMPTY_BODY = YES;
				CLANG_WARN_ENUM_CONVERSION = YES;
				CLANG_WARN_INT_CONVERSION = YES;
				CLANG_WARN_OBJC_ROOT_CLASS = YES_ERROR;
				CLANG_WARN_UNREACHABLE_CODE = YES;
				CLANG_WARN__DUPLICATE_METHOD_MATCH = YES;
				"CODE_SIGN_IDENTITY[sdk=iphoneos*]" = "iPhone Developer";
				COPY_PHASE_STRIP = NO;
				DEBUG_INFORMATION_FORMAT = "dwarf-with-dsym";
				ENABLE_NS_ASSERTIONS = NO;
				ENABLE_STRICT_OBJC_MSGSEND = YES;
				GCC_C_LANGUAGE_STANDARD = gnu99;
				GCC_NO_COMMON_BLOCKS = YES;
				GCC_WARN_64_TO_32_BIT_CONVERSION = YES;
				GCC_WARN_ABOUT_RETURN_TYPE = YES_ERROR;
				GCC_WARN_UNDECLARED_SELECTOR = YES;
				GCC_WARN_UNINITIALIZED_AUTOS = YES_AGGRESSIVE;
				GCC_WARN_UNUSED_FUNCTION = YES;
				GCC_WARN_UNUSED_VARIABLE = YES;
				IPHONEOS_DEPLOYMENT_TARGET = 9.3;
				MTL_ENABLE_DEBUG_INFO = NO;
				SDKROOT = iphoneos;
				TARGETED_DEVICE_FAMILY = "1,2";
				VALIDATE_PRODUCT = YES;
			};
			name = Release;
		};
		05D920A61CC8A9D900A0779C /* Debug */ = {
			isa = XCBuildConfiguration;
			buildSettings = {
				ASSETCATALOG_COMPILER_APPICON_NAME = AppIcon;
				INFOPLIST_FILE = PicturesApp/Info.plist;
				LD_RUNPATH_SEARCH_PATHS = "$(inherited) @executable_path/Frameworks";
				PRODUCT_BUNDLE_IDENTIFIER = com.SkgoodInc..PicturesApp;
				PRODUCT_NAME = "$(TARGET_NAME)";
			};
			name = Debug;
		};
		05D920A71CC8A9D900A0779C /* Release */ = {
			isa = XCBuildConfiguration;
			buildSettings = {
				ASSETCATALOG_COMPILER_APPICON_NAME = AppIcon;
				INFOPLIST_FILE = PicturesApp/Info.plist;
				LD_RUNPATH_SEARCH_PATHS = "$(inherited) @executable_path/Frameworks";
				PRODUCT_BUNDLE_IDENTIFIER = com.SkgoodInc..PicturesApp;
				PRODUCT_NAME = "$(TARGET_NAME)";
			};
			name = Release;
		};
/* End XCBuildConfiguration section */

/* Begin XCConfigurationList section */
		05D9208E1CC8A9D900A0779C /* Build configuration list for PBXProject "PicturesApp" */ = {
			isa = XCConfigurationList;
			buildConfigurations = (
				05D920A31CC8A9D900A0779C /* Debug */,
				05D920A41CC8A9D900A0779C /* Release */,
			);
			defaultConfigurationIsVisible = 0;
			defaultConfigurationName = Release;
		};
		05D920A51CC8A9D900A0779C /* Build configuration list for PBXNativeTarget "PicturesApp" */ = {
			isa = XCConfigurationList;
			buildConfigurations = (
				05D920A61CC8A9D900A0779C /* Debug */,
				05D920A71CC8A9D900A0779C /* Release */,
			);
			defaultConfigurationIsVisible = 0;
		};
/* End XCConfigurationList section */
	};
	rootObject = 05D9208B1CC8A9D900A0779C /* Project object */;
}
